# THIS IS AN AUTOGENERATED FILE. DO NOT EDIT THIS FILE DIRECTLY.
# yarn lockfile v1


"@mediapipe/hands@^0.4.1646424915", "@mediapipe/hands@~0.4.0":
  "integrity" "sha512-R1VM3DRCKTA49nVvkprInYUXx8cKisi86y6/9clvYA0vApmLqTjIHQFibJDHwSdy4Rykn2CjWywQAWw5+mGw8w=="
  "resolved" "https://registry.npmjs.org/@mediapipe/hands/-/hands-0.4.1646424915.tgz"
  "version" "0.4.1646424915"

"@tensorflow-models/hand-pose-detection@^2.0.0":
  "integrity" "sha512-wAiu/SpigjKuhlEdIvPp84FyzIH0v8kHn/jB/VslUn/pV75Kpsv8Jk0S55oC/Jj54B/fLDZU19+zYN7lQMBCxg=="
  "resolved" "https://registry.npmjs.org/@tensorflow-models/hand-pose-detection/-/hand-pose-detection-2.0.0.tgz"
  "version" "2.0.0"
  dependencies:
    "rimraf" "^3.0.2"

"@tensorflow/tfjs-backend-cpu@3.15.0":
  "integrity" "sha512-f+GREHSiVkVIpFAwkjB7YWcZefqQvCKQhrNjZzm1WX4VdnWlo0b1lTI+gPIIYNk4LEFMBNJbfqy/N1xNS/SOLQ=="
  "resolved" "https://registry.npmjs.org/@tensorflow/tfjs-backend-cpu/-/tfjs-backend-cpu-3.15.0.tgz"
  "version" "3.15.0"
  dependencies:
    "@types/seedrandom" "2.4.27"
    "seedrandom" "2.4.3"

"@tensorflow/tfjs-backend-webgl@^3.15.0", "@tensorflow/tfjs-backend-webgl@^3.9.0":
  "integrity" "sha512-QOxbTABFbP+m+UmCVB8VQlmZbsXiJOP8QRkRRZHhGWNKjtT3eWi+ROS1tbloS7/Q20SEmNZXCvcsjv0TBgFQPw=="
  "resolved" "https://registry.npmjs.org/@tensorflow/tfjs-backend-webgl/-/tfjs-backend-webgl-3.15.0.tgz"
  "version" "3.15.0"
  dependencies:
    "@tensorflow/tfjs-backend-cpu" "3.15.0"
    "@types/offscreencanvas" "~2019.3.0"
    "@types/seedrandom" "2.4.27"
    "@types/webgl-ext" "0.0.30"
    "@types/webgl2" "0.0.6"
    "seedrandom" "2.4.3"

"@tensorflow/tfjs-converter@^3.9.0":
  "integrity" "sha512-FBk3qGvNfS1xCw+ZLXCiD72vpR/rZaShFOY7HmLtTTfWlebWowrjaNqjvO8SKc7UGtRR/GJ7Bf3TgKyr9D3g0Q=="
  "resolved" "https://registry.npmjs.org/@tensorflow/tfjs-converter/-/tfjs-converter-3.15.0.tgz"
  "version" "3.15.0"

"@tensorflow/tfjs-core@^3.15.0", "@tensorflow/tfjs-core@^3.9.0", "@tensorflow/tfjs-core@3.15.0":
  "integrity" "sha512-X1XGr8rewm/n0RDMnaLRcRYsTHlQCqQUR5DCtjUf4TuII7kq/pkZ9xCKPPfS1qUd5jLy663h8j5cAyjJNUt/hw=="
  "resolved" "https://registry.npmjs.org/@tensorflow/tfjs-core/-/tfjs-core-3.15.0.tgz"
  "version" "3.15.0"
  dependencies:
    "@types/long" "^4.0.1"
    "@types/offscreencanvas" "~2019.3.0"
    "@types/seedrandom" "2.4.27"
    "@types/webgl-ext" "0.0.30"
    "long" "4.0.0"
    "node-fetch" "~2.6.1"
    "seedrandom" "2.4.3"

"@types/long@^4.0.1":
  "integrity" "sha512-5tXH6Bx/kNGd3MgffdmP4dy2Z+G4eaXw0SE81Tq3BNadtnMR5/ySMzX4SLEzHJzSmPNn4HIdpQsBvXMUykr58w=="
  "resolved" "https://registry.npmjs.org/@types/long/-/long-4.0.1.tgz"
  "version" "4.0.1"

"@types/offscreencanvas@~2019.3.0":
  "integrity" "sha512-esIJx9bQg+QYF0ra8GnvfianIY8qWB0GBx54PK5Eps6m+xTj86KLavHv6qDhzKcu5UUOgNfJ2pWaIIV7TRUd9Q=="
  "resolved" "https://registry.npmjs.org/@types/offscreencanvas/-/offscreencanvas-2019.3.0.tgz"
  "version" "2019.3.0"

"@types/seedrandom@2.4.27":
  "integrity" "sha1-nbVjk33YaRX2kJK8QyWdL0hXjkE="
  "resolved" "https://registry.npmjs.org/@types/seedrandom/-/seedrandom-2.4.27.tgz"
  "version" "2.4.27"

"@types/webgl-ext@0.0.30":
  "integrity" "sha512-LKVgNmBxN0BbljJrVUwkxwRYqzsAEPcZOe6S2T6ZaBDIrFp0qu4FNlpc5sM1tGbXUYFgdVQIoeLk1Y1UoblyEg=="
  "resolved" "https://registry.npmjs.org/@types/webgl-ext/-/webgl-ext-0.0.30.tgz"
  "version" "0.0.30"

"@types/webgl2@0.0.6":
  "integrity" "sha512-50GQhDVTq/herLMiqSQkdtRu+d5q/cWHn4VvKJtrj4DJAjo1MNkWYa2MA41BaBO1q1HgsUjuQvEOk0QHvlnAaQ=="
  "resolved" "https://registry.npmjs.org/@types/webgl2/-/webgl2-0.0.6.tgz"
  "version" "0.0.6"

"balanced-match@^1.0.0":
  "integrity" "sha512-3oSeUO0TMV67hN1AmbXsK4yaqU7tjiHlbxRDZOpH0KW9+CeX4bRAaX0Anxt0tx2MrpRpWwQaPwIlISEJhYU5Pw=="
  "resolved" "https://registry.npmjs.org/balanced-match/-/balanced-match-1.0.2.tgz"
  "version" "1.0.2"

"brace-expansion@^1.1.7":
  "integrity" "sha512-iCuPHDFgrHX7H2vEI/5xpz07zSHB00TpugqhmYtVmMO6518mCuRMoOYFldEBl0g187ufozdaHgWKcYFb61qGiA=="
  "resolved" "https://registry.npmjs.org/brace-expansion/-/brace-expansion-1.1.11.tgz"
  "version" "1.1.11"
  dependencies:
    "balanced-match" "^1.0.0"
    "concat-map" "0.0.1"

"concat-map@0.0.1":
  "integrity" "sha1-2Klr13/Wjfd5OnMDajug1UBdR3s="
  "resolved" "https://registry.npmjs.org/concat-map/-/concat-map-0.0.1.tgz"
  "version" "0.0.1"

"core-util-is@~1.0.0":
  "integrity" "sha512-ZQBvi1DcpJ4GDqanjucZ2Hj3wEO5pZDS89BWbkcrvdxksJorwUDDZamX9ldFkp9aw2lmBDLgkObEA4DWNJ9FYQ=="
  "resolved" "https://registry.npmjs.org/core-util-is/-/core-util-is-1.0.3.tgz"
  "version" "1.0.3"

"esbuild-windows-64@0.14.27":
  "integrity" "sha512-b3y3vTSl5aEhWHK66ngtiS/c6byLf6y/ZBvODH1YkBM+MGtVL6jN38FdHUsZasCz9gFwYs/lJMVY9u7GL6wfYg=="
  "resolved" "https://registry.npmjs.org/esbuild-windows-64/-/esbuild-windows-64-0.14.27.tgz"
  "version" "0.14.27"

"esbuild@^0.14.14":
  "integrity" "sha512-MZQt5SywZS3hA9fXnMhR22dv0oPGh6QtjJRIYbgL1AeqAoQZE+Qn5ppGYQAoHv/vq827flj4tIJ79Mrdiwk46Q=="
  "resolved" "https://registry.npmjs.org/esbuild/-/esbuild-0.14.27.tgz"
  "version" "0.14.27"
  optionalDependencies:
    "esbuild-android-64" "0.14.27"
    "esbuild-android-arm64" "0.14.27"
    "esbuild-darwin-64" "0.14.27"
    "esbuild-darwin-arm64" "0.14.27"
    "esbuild-freebsd-64" "0.14.27"
    "esbuild-freebsd-arm64" "0.14.27"
    "esbuild-linux-32" "0.14.27"
    "esbuild-linux-64" "0.14.27"
    "esbuild-linux-arm" "0.14.27"
    "esbuild-linux-arm64" "0.14.27"
    "esbuild-linux-mips64le" "0.14.27"
    "esbuild-linux-ppc64le" "0.14.27"
    "esbuild-linux-riscv64" "0.14.27"
    "esbuild-linux-s390x" "0.14.27"
    "esbuild-netbsd-64" "0.14.27"
    "esbuild-openbsd-64" "0.14.27"
    "esbuild-sunos-64" "0.14.27"
    "esbuild-windows-32" "0.14.27"
    "esbuild-windows-64" "0.14.27"
    "esbuild-windows-arm64" "0.14.27"

"fs.realpath@^1.0.0":
  "integrity" "sha1-FQStJSMVjKpA20onh8sBQRmU6k8="
  "resolved" "https://registry.npmjs.org/fs.realpath/-/fs.realpath-1.0.0.tgz"
  "version" "1.0.0"

"function-bind@^1.1.1":
  "integrity" "sha512-yIovAzMX49sF8Yl58fSCWJ5svSLuaibPxXQJFLmBObTuCr0Mf1KiPopGM9NiFjiYBCbfaa2Fh6breQ6ANVTI0A=="
  "resolved" "https://registry.npmjs.org/function-bind/-/function-bind-1.1.1.tgz"
  "version" "1.1.1"

"glob@^7.1.3":
  "integrity" "sha512-lmLf6gtyrPq8tTjSmrO94wBeQbFR3HbLHbuyD69wuyQkImp2hWqMGB47OX65FBkPffO641IP9jWa1z4ivqG26Q=="
  "resolved" "https://registry.npmjs.org/glob/-/glob-7.2.0.tgz"
  "version" "7.2.0"
  dependencies:
    "fs.realpath" "^1.0.0"
    "inflight" "^1.0.4"
    "inherits" "2"
    "minimatch" "^3.0.4"
    "once" "^1.3.0"
    "path-is-absolute" "^1.0.0"

"has@^1.0.3":
  "integrity" "sha512-f2dvO0VU6Oej7RkWJGrehjbzMAjFp5/VKPp5tTpWIV4JHHZK1/BxbFRtf/siA2SWTe09caDmVtYYzWEIbBS4zw=="
  "resolved" "https://registry.npmjs.org/has/-/has-1.0.3.tgz"
  "version" "1.0.3"
  dependencies:
    "function-bind" "^1.1.1"

"immediate@~3.0.5":
  "integrity" "sha1-nbHb0Pr43m++D13V5Wu2BigN5ps="
  "resolved" "https://registry.npmjs.org/immediate/-/immediate-3.0.6.tgz"
  "version" "3.0.6"

"inflight@^1.0.4":
  "integrity" "sha1-Sb1jMdfQLQwJvJEKEHW6gWW1bfk="
  "resolved" "https://registry.npmjs.org/inflight/-/inflight-1.0.6.tgz"
  "version" "1.0.6"
  dependencies:
    "once" "^1.3.0"
    "wrappy" "1"

"inherits@~2.0.3", "inherits@2":
  "integrity" "sha512-k/vGaX4/Yla3WzyMCvTQOXYeIHvqOKtnqBduzTHpzpQZzAskKMhZ2K+EnBiSM9zGSoIFeMpXKxa4dYeZIQqewQ=="
  "resolved" "https://registry.npmjs.org/inherits/-/inherits-2.0.4.tgz"
  "version" "2.0.4"

"is-core-module@^2.8.1":
  "integrity" "sha512-SdNCUs284hr40hFTFP6l0IfZ/RSrMXF3qgoRHd3/79unUTvrFO/JoXwkGm+5J/Oe3E/b5GsnG330uUNgRpu1PA=="
  "resolved" "https://registry.npmjs.org/is-core-module/-/is-core-module-2.8.1.tgz"
  "version" "2.8.1"
  dependencies:
    "has" "^1.0.3"

"isarray@~1.0.0":
  "integrity" "sha1-u5NdSFgsuhaMBoNJV6VKPgcSTxE="
  "resolved" "https://registry.npmjs.org/isarray/-/isarray-1.0.0.tgz"
  "version" "1.0.0"

"jszip@^3.9.1":
  "integrity" "sha512-H9A60xPqJ1CuC4Ka6qxzXZeU8aNmgOeP5IFqwJbQQwtu2EUYxota3LdsiZWplF7Wgd9tkAd0mdu36nceSaPuYw=="
  "resolved" "https://registry.npmjs.org/jszip/-/jszip-3.9.1.tgz"
  "version" "3.9.1"
  dependencies:
    "lie" "~3.3.0"
    "pako" "~1.0.2"
    "readable-stream" "~2.3.6"
    "set-immediate-shim" "~1.0.1"

"lie@~3.3.0":
  "integrity" "sha512-UaiMJzeWRlEujzAuw5LokY1L5ecNQYZKfmyZ9L7wDHb/p5etKaxXhohBcrw0EYby+G/NA52vRSN4N39dxHAIwQ=="
  "resolved" "https://registry.npmjs.org/lie/-/lie-3.3.0.tgz"
  "version" "3.3.0"
  dependencies:
    "immediate" "~3.0.5"

"long@4.0.0":
  "integrity" "sha512-XsP+KhQif4bjX1kbuSiySJFNAehNxgLb6hPRGJ9QsUr8ajHkuXGdrHmFUTUUXhDwVX2R5bY4JNZEwbUiMhV+MA=="
  "resolved" "https://registry.npmjs.org/long/-/long-4.0.0.tgz"
  "version" "4.0.0"

"minimatch@^3.0.4":
  "integrity" "sha512-J7p63hRiAjw1NDEww1W7i37+ByIrOWO5XQQAzZ3VOcL0PNybwpfmV/N05zFAzwQ9USyEcX6t3UO+K5aqBQOIHw=="
  "resolved" "https://registry.npmjs.org/minimatch/-/minimatch-3.1.2.tgz"
  "version" "3.1.2"
  dependencies:
    "brace-expansion" "^1.1.7"

"nanoevents@^6.0.2":
  "integrity" "sha512-FRS2otuFcPPYDPYViNWQ42+1iZqbXydinkRHTHFxrF4a1CpBfmydR9zkI44WSXAXCyPrkcGtPk5CnpW6Y3lFKQ=="
  "resolved" "https://registry.npmjs.org/nanoevents/-/nanoevents-6.0.2.tgz"
  "version" "6.0.2"

"nanoid@^3.3.1":
  "integrity" "sha512-n6Vs/3KGyxPQd6uO0eH4Bv0ojGSUvuLlIHtC3Y0kEO23YRge8H9x1GCzLn28YX0H66pMkxuaeESFq4tKISKwdw=="
  "resolved" "https://registry.npmjs.org/nanoid/-/nanoid-3.3.1.tgz"
  "version" "3.3.1"

"node-fetch@~2.6.1":
  "integrity" "sha512-ZjMPFEfVx5j+y2yF35Kzx5sF7kDzxuDj6ziH4FFbOp87zKDZNx8yExJIb05OGF4Nlt9IHFIMBkRl41VdvcNdbQ=="
  "resolved" "https://registry.npmjs.org/node-fetch/-/node-fetch-2.6.7.tgz"
  "version" "2.6.7"
  dependencies:
    "whatwg-url" "^5.0.0"

"once@^1.3.0":
  "integrity" "sha1-WDsap3WWHUsROsF9nFC6753Xa9E="
  "resolved" "https://registry.npmjs.org/once/-/once-1.4.0.tgz"
  "version" "1.4.0"
  dependencies:
    "wrappy" "1"

"opencv.js@^1.2.1":
  "integrity" "sha512-+ji5Pk3eyz+RRSeZr2kLZNJpjsKoGyPJOjFWng7+Cuq9ylHakBqJMxDGlBW1+qdju3k8DadWOiHJ6JaF28UpKA=="
  "resolved" "https://registry.npmjs.org/opencv.js/-/opencv.js-1.2.1.tgz"
  "version" "1.2.1"

"pako@~1.0.2":
  "integrity" "sha512-4hLB8Py4zZce5s4yd9XzopqwVv/yGNhV1Bl8NTmCq1763HeK2+EwVTv+leGeL13Dnh2wfbqowVPXCIO0z4taYw=="
  "resolved" "https://registry.npmjs.org/pako/-/pako-1.0.11.tgz"
  "version" "1.0.11"

"path-is-absolute@^1.0.0":
  "integrity" "sha1-F0uSaHNVNP+8es5r9TpanhtcX18="
  "resolved" "https://registry.npmjs.org/path-is-absolute/-/path-is-absolute-1.0.1.tgz"
  "version" "1.0.1"

"path-parse@^1.0.7":
  "integrity" "sha512-LDJzPVEEEPR+y48z93A0Ed0yXb8pAByGWo/k5YYdYgpY2/2EsOsksJrq7lOHxryrVOn1ejG6oAp8ahvOIQD8sw=="
  "resolved" "https://registry.npmjs.org/path-parse/-/path-parse-1.0.7.tgz"
  "version" "1.0.7"

"picocolors@^1.0.0":
  "integrity" "sha512-1fygroTLlHu66zi26VoTDv8yRgm0Fccecssto+MhsZ0D/DGW2sm8E8AjW7NU5VVTRt5GxbeZ5qBuJr+HyLYkjQ=="
  "resolved" "https://registry.npmjs.org/picocolors/-/picocolors-1.0.0.tgz"
  "version" "1.0.0"

"postcss@^8.4.6":
  "integrity" "sha512-lg6eITwYe9v6Hr5CncVbK70SoioNQIq81nsaG86ev5hAidQvmOeETBqs7jm43K2F5/Ley3ytDtriImV6TpNiSg=="
  "resolved" "https://registry.npmjs.org/postcss/-/postcss-8.4.12.tgz"
  "version" "8.4.12"
  dependencies:
    "nanoid" "^3.3.1"
    "picocolors" "^1.0.0"
    "source-map-js" "^1.0.2"

"process-nextick-args@~2.0.0":
  "integrity" "sha512-3ouUOpQhtgrbOa17J7+uxOTpITYWaGP7/AhoR3+A+/1e9skrzelGi/dXzEYyvbxubEF6Wn2ypscTKiKJFFn1ag=="
  "resolved" "https://registry.npmjs.org/process-nextick-args/-/process-nextick-args-2.0.1.tgz"
  "version" "2.0.1"

"readable-stream@~2.3.6":
  "integrity" "sha512-Ebho8K4jIbHAxnuxi7o42OrZgF/ZTNcsZj6nRKyUmkhLFq8CHItp/fy6hQZuZmP/n3yZ9VBUbp4zz/mX8hmYPw=="
  "resolved" "https://registry.npmjs.org/readable-stream/-/readable-stream-2.3.7.tgz"
  "version" "2.3.7"
  dependencies:
    "core-util-is" "~1.0.0"
    "inherits" "~2.0.3"
    "isarray" "~1.0.0"
    "process-nextick-args" "~2.0.0"
    "safe-buffer" "~5.1.1"
    "string_decoder" "~1.1.1"
    "util-deprecate" "~1.0.1"

"resolve@^1.22.0":
  "integrity" "sha512-Hhtrw0nLeSrFQ7phPp4OOcVjLPIeMnRlr5mcnVuMe7M/7eBn98A3hmFRLoFo3DLZkivSYwhRUJTyPyWAk56WLw=="
  "resolved" "https://registry.npmjs.org/resolve/-/resolve-1.22.0.tgz"
  "version" "1.22.0"
  dependencies:
    "is-core-module" "^2.8.1"
    "path-parse" "^1.0.7"
    "supports-preserve-symlinks-flag" "^1.0.0"

"rimraf@^3.0.2":
  "integrity" "sha512-JZkJMZkAGFFPP2YqXZXPbMlMBgsxzE8ILs4lMIX/2o0L9UBw9O/Y3o6wFw/i9YLapcUJWwqbi3kdxIPdC62TIA=="
  "resolved" "https://registry.npmjs.org/rimraf/-/rimraf-3.0.2.tgz"
  "version" "3.0.2"
  dependencies:
    "glob" "^7.1.3"

"rollup@^2.59.0":
  "integrity" "sha512-CRYsI5EuzLbXdxC6RnYhOuRdtz4bhejPMSWjsFLfVM/7w/85n2szZv6yExqUXsBdz5KT8eoubeyDUDjhLHEslA=="
  "resolved" "https://registry.npmjs.org/rollup/-/rollup-2.70.1.tgz"
  "version" "2.70.1"
  optionalDependencies:
    "fsevents" "~2.3.2"

"safe-buffer@~5.1.0", "safe-buffer@~5.1.1":
  "integrity" "sha512-Gd2UZBJDkXlY7GbJxfsE8/nvKkUEU1G38c1siN6QP6a9PT9MmHB8GnpscSmMJSoF8LOIrt8ud/wPtojys4G6+g=="
  "resolved" "https://registry.npmjs.org/safe-buffer/-/safe-buffer-5.1.2.tgz"
  "version" "5.1.2"

"seedrandom@2.4.3":
  "integrity" "sha1-JDhQTa0zkXMUv/GKxNeU8W1qrsw="
  "resolved" "https://registry.npmjs.org/seedrandom/-/seedrandom-2.4.3.tgz"
  "version" "2.4.3"

"set-immediate-shim@~1.0.1":
  "integrity" "sha1-SysbJ+uAip+NzEgaWOXlb1mfP2E="
  "resolved" "https://registry.npmjs.org/set-immediate-shim/-/set-immediate-shim-1.0.1.tgz"
  "version" "1.0.1"

"source-map-js@^1.0.2":
  "integrity" "sha512-R0XvVJ9WusLiqTCEiGCmICCMplcCkIwwR11mOSD9CR5u+IXYdiseeEuXCVAjS54zqwkLcPNnmU4OeJ6tUrWhDw=="
  "resolved" "https://registry.npmjs.org/source-map-js/-/source-map-js-1.0.2.tgz"
  "version" "1.0.2"

"string_decoder@~1.1.1":
  "integrity" "sha512-n/ShnvDi6FHbbVfviro+WojiFzv+s8MPMHBczVePfUpDJLwoLT0ht1l4YwBCbi8pJAveEEdnkHyPyTP/mzRfwg=="
  "resolved" "https://registry.npmjs.org/string_decoder/-/string_decoder-1.1.1.tgz"
  "version" "1.1.1"
  dependencies:
    "safe-buffer" "~5.1.0"

"supports-preserve-symlinks-flag@^1.0.0":
  "integrity" "sha512-ot0WnXS9fgdkgIcePe6RHNk1WA8+muPa6cSjeR3V8K27q9BB1rTE3R1p7Hv0z1ZyAc8s6Vvv8DIyWf681MAt0w=="
  "resolved" "https://registry.npmjs.org/supports-preserve-symlinks-flag/-/supports-preserve-symlinks-flag-1.0.0.tgz"
  "version" "1.0.0"

"tr46@~0.0.3":
  "integrity" "sha1-gYT9NH2snNwYWZLzpmIuFLnZq2o="
  "resolved" "https://registry.npmjs.org/tr46/-/tr46-0.0.3.tgz"
  "version" "0.0.3"

"util-deprecate@~1.0.1":
  "integrity" "sha1-RQ1Nyfpw3nMnYvvS1KKJgUGaDM8="
  "resolved" "https://registry.npmjs.org/util-deprecate/-/util-deprecate-1.0.2.tgz"
  "version" "1.0.2"

"vite@^2.8.0":
  "integrity" "sha512-e4H0QpludOVKkmOsRyqQ7LTcMUDF3mcgyNU4lmi0B5JUbe0ZxeBBl8VoZ8Y6Rfn9eFKYtdXNPcYK97ZwH+K2ug=="
  "resolved" "https://registry.npmjs.org/vite/-/vite-2.8.6.tgz"
  "version" "2.8.6"
  dependencies:
    "esbuild" "^0.14.14"
    "postcss" "^8.4.6"
    "resolve" "^1.22.0"
    "rollup" "^2.59.0"
  optionalDependencies:
    "fsevents" "~2.3.2"

"webidl-conversions@^3.0.0":
  "integrity" "sha1-JFNCdeKnvGvnvIZhHMFq4KVlSHE="
  "resolved" "https://registry.npmjs.org/webidl-conversions/-/webidl-conversions-3.0.1.tgz"
  "version" "3.0.1"

"whatwg-url@^5.0.0":
  "integrity" "sha1-lmRU6HZUYuN2RNNib2dCzotwll0="
  "resolved" "https://registry.npmjs.org/whatwg-url/-/whatwg-url-5.0.0.tgz"
  "version" "5.0.0"
  dependencies:
    "tr46" "~0.0.3"
    "webidl-conversions" "^3.0.0"

"wrappy@1":
  "integrity" "sha1-tSQ9jz7BqjXxNkYFvA0QNuMKtp8="
  "resolved" "https://registry.npmjs.org/wrappy/-/wrappy-1.0.2.tgz"
  "version" "1.0.2"
